
Microsoft Visual Studio Solution File, Format Version 12.00
# Visual Studio Version 16
VisualStudioVersion = 16.0.33214.272
MinimumVisualStudioVersion = 10.0.40219.1
Project("{C9674DCB-5085-4A16-B785-4C70DD1589BD}") = "SmartCareReportingService", "SmartCareReportingService\SmartCareReportingService.dtproj", "{6862A972-13A1-4C8C-A282-774FE7832128}"
EndProject
Global
	GlobalSection(SolutionConfigurationPlatforms) = preSolution
		Development|Default = Development|Default
	EndGlobalSection
	GlobalSection(ProjectConfigurationPlatforms) = postSolution
		{6862A972-13A1-4C8C-A282-774FE7832128}.Development|Default.ActiveCfg = Development
		{6862A972-13A1-4C8C-A282-774FE7832128}.Development|Default.Build.0 = Development
	EndGlobalSection
	GlobalSection(SolutionProperties) = preSolution
		HideSolutionNode = FALSE
	EndGlobalSection
	GlobalSection(ExtensibilityGlobals) = postSolution
		SolutionGuid = {245E6706-3416-4EEE-8ABE-DB162242B85A}
	EndGlobalSection
EndGlobal
